
Microsoft Visual Studio Solution File, Format Version 12.00
# Visual Studio Version 17
VisualStudioVersion = 17.13.35919.96 d17.13
MinimumVisualStudioVersion = 10.0.40219.1
Project("{FAE04EC0-301F-11D3-BF4B-00C04F79EFBC}") = "String", "String.csproj", "{794B61D3-08AF-43B8-966E-35EE4DECBD4D}"
EndProject
Global
	GlobalSection(SolutionConfigurationPlatforms) = preSolution
		Debug|Any CPU = Debug|Any CPU
		Release|Any CPU = Release|Any CPU
	EndGlobalSection
	GlobalSection(ProjectConfigurationPlatforms) = postSolution
		{794B61D3-08AF-43B8-966E-35EE4DECBD4D}.Debug|Any CPU.ActiveCfg = Debug|Any CPU
		{794B61D3-08AF-43B8-966E-35EE4DECBD4D}.Debug|Any CPU.Build.0 = Debug|Any CPU
		{794B61D3-08AF-43B8-966E-35EE4DECBD4D}.Release|Any CPU.ActiveCfg = Release|Any CPU
		{794B61D3-08AF-43B8-966E-35EE4DECBD4D}.Release|Any CPU.Build.0 = Release|Any CPU
	EndGlobalSection
	GlobalSection(SolutionProperties) = preSolution
		HideSolutionNode = FALSE
	EndGlobalSection
	GlobalSection(ExtensibilityGlobals) = postSolution
		SolutionGuid = {80CB6268-0556-4D12-AB16-472C622731BE}
	EndGlobalSection
EndGlobal
