
Microsoft Visual Studio Solution File, Format Version 12.00
# Visual Studio Version 17
VisualStudioVersion = 17.13.35919.96 d17.13
MinimumVisualStudioVersion = 10.0.40219.1
Project("{FAE04EC0-301F-11D3-BF4B-00C04F79EFBC}") = "3LowestNumbers", "3LowestNumbers.csproj", "{F73016B8-36AB-48F6-8769-A8EB3F3C469A}"
EndProject
Global
	GlobalSection(SolutionConfigurationPlatforms) = preSolution
		Debug|Any CPU = Debug|Any CPU
		Release|Any CPU = Release|Any CPU
	EndGlobalSection
	GlobalSection(ProjectConfigurationPlatforms) = postSolution
		{F73016B8-36AB-48F6-8769-A8EB3F3C469A}.Debug|Any CPU.ActiveCfg = Debug|Any CPU
		{F73016B8-36AB-48F6-8769-A8EB3F3C469A}.Debug|Any CPU.Build.0 = Debug|Any CPU
		{F73016B8-36AB-48F6-8769-A8EB3F3C469A}.Release|Any CPU.ActiveCfg = Release|Any CPU
		{F73016B8-36AB-48F6-8769-A8EB3F3C469A}.Release|Any CPU.Build.0 = Release|Any CPU
	EndGlobalSection
	GlobalSection(SolutionProperties) = preSolution
		HideSolutionNode = FALSE
	EndGlobalSection
	GlobalSection(ExtensibilityGlobals) = postSolution
		SolutionGuid = {AE483A16-1E81-4F07-AA9D-4FA932892DF6}
	EndGlobalSection
EndGlobal
