
Microsoft Visual Studio Solution File, Format Version 12.00
# Visual Studio Version 17
VisualStudioVersion = 17.13.35919.96 d17.13
MinimumVisualStudioVersion = 10.0.40219.1
Project("{FAE04EC0-301F-11D3-BF4B-00C04F79EFBC}") = "List_Exercise5", "List_Exercise5.csproj", "{3E79E5F2-0AEA-469A-8823-93D1EEE7D9A6}"
EndProject
Global
	GlobalSection(SolutionConfigurationPlatforms) = preSolution
		Debug|Any CPU = Debug|Any CPU
		Release|Any CPU = Release|Any CPU
	EndGlobalSection
	GlobalSection(ProjectConfigurationPlatforms) = postSolution
		{3E79E5F2-0AEA-469A-8823-93D1EEE7D9A6}.Debug|Any CPU.ActiveCfg = Debug|Any CPU
		{3E79E5F2-0AEA-469A-8823-93D1EEE7D9A6}.Debug|Any CPU.Build.0 = Debug|Any CPU
		{3E79E5F2-0AEA-469A-8823-93D1EEE7D9A6}.Release|Any CPU.ActiveCfg = Release|Any CPU
		{3E79E5F2-0AEA-469A-8823-93D1EEE7D9A6}.Release|Any CPU.Build.0 = Release|Any CPU
	EndGlobalSection
	GlobalSection(SolutionProperties) = preSolution
		HideSolutionNode = FALSE
	EndGlobalSection
	GlobalSection(ExtensibilityGlobals) = postSolution
		SolutionGuid = {DD6B11DA-1BB7-4E98-B059-AA82CCC7EA6D}
	EndGlobalSection
EndGlobal
