
Microsoft Visual Studio Solution File, Format Version 12.00
# Visual Studio Version 17
VisualStudioVersion = 17.13.35919.96 d17.13
MinimumVisualStudioVersion = 10.0.40219.1
Project("{FAE04EC0-301F-11D3-BF4B-00C04F79EFBC}") = "VariablesAndConstants", "VariablesAndConstants.csproj", "{CF94FF8F-9A61-4999-B7E3-34CB730AA58C}"
EndProject
Global
	GlobalSection(SolutionConfigurationPlatforms) = preSolution
		Debug|Any CPU = Debug|Any CPU
		Release|Any CPU = Release|Any CPU
	EndGlobalSection
	GlobalSection(ProjectConfigurationPlatforms) = postSolution
		{CF94FF8F-9A61-4999-B7E3-34CB730AA58C}.Debug|Any CPU.ActiveCfg = Debug|Any CPU
		{CF94FF8F-9A61-4999-B7E3-34CB730AA58C}.Debug|Any CPU.Build.0 = Debug|Any CPU
		{CF94FF8F-9A61-4999-B7E3-34CB730AA58C}.Release|Any CPU.ActiveCfg = Release|Any CPU
		{CF94FF8F-9A61-4999-B7E3-34CB730AA58C}.Release|Any CPU.Build.0 = Release|Any CPU
	EndGlobalSection
	GlobalSection(SolutionProperties) = preSolution
		HideSolutionNode = FALSE
	EndGlobalSection
	GlobalSection(ExtensibilityGlobals) = postSolution
		SolutionGuid = {77A5944E-A9D4-4B92-9409-4456CCAF85A6}
	EndGlobalSection
EndGlobal
